
Microsoft Visual Studio Solution File, Format Version 12.00
Project("{FAE04EC0-301F-11D3-BF4B-00C04F79EFBC}") = "UnityLibrary", "UnityLibrary.csproj", "{EE349DB6-8164-44BE-AA83-198582316799}"
EndProject
Global
	GlobalSection(SolutionConfigurationPlatforms) = preSolution
		Debug|Any CPU = Debug|Any CPU
		Release|Any CPU = Release|Any CPU
	EndGlobalSection
	GlobalSection(ProjectConfigurationPlatforms) = postSolution
		{EE349DB6-8164-44BE-AA83-198582316799}.Debug|Any CPU.ActiveCfg = Debug|Any CPU
		{EE349DB6-8164-44BE-AA83-198582316799}.Debug|Any CPU.Build.0 = Debug|Any CPU
		{EE349DB6-8164-44BE-AA83-198582316799}.Release|Any CPU.ActiveCfg = Release|Any CPU
		{EE349DB6-8164-44BE-AA83-198582316799}.Release|Any CPU.Build.0 = Release|Any CPU
	EndGlobalSection
EndGlobal
